# THIS IS AN AUTOGENERATED FILE. DO NOT EDIT THIS FILE DIRECTLY.
# yarn lockfile v1


adler-32@~1.2.0:
  version "1.2.0"
  resolved "https://registry.yarnpkg.com/adler-32/-/adler-32-1.2.0.tgz#6a3e6bf0a63900ba15652808cb15c6813d1a5f25"
  dependencies:
    exit-on-epipe "~1.0.1"
    printj "~1.1.0"

argparse@^1.0.7:
  version "1.0.10"
  resolved "https://registry.yarnpkg.com/argparse/-/argparse-1.0.10.tgz#bcd6791ea5ae09725e17e5ad988134cd40b3d911"
  dependencies:
    sprintf-js "~1.0.2"

cfb@~1.0.5:
  version "1.0.5"
  resolved "https://registry.yarnpkg.com/cfb/-/cfb-1.0.5.tgz#5f7cf2fcb385dd41db271cf1f28a83fcd705bf06"
  dependencies:
    commander "^2.14.1"
    printj "~1.1.2"

codepage@~1.12.1:
  version "1.12.2"
  resolved "https://registry.yarnpkg.com/codepage/-/codepage-1.12.2.tgz#fd4424448c8bf1db5d7e01f9ecf9e8346582a195"
  dependencies:
    commander "~2.14.1"
    exit-on-epipe "~1.0.1"

commander@^2.14.1:
  version "2.15.1"
  resolved "https://registry.yarnpkg.com/commander/-/commander-2.15.1.tgz#df46e867d0fc2aec66a34662b406a9ccafff5b0f"

commander@~2.14.1:
  version "2.14.1"
  resolved "https://registry.yarnpkg.com/commander/-/commander-2.14.1.tgz#2235123e37af8ca3c65df45b026dbd357b01b9aa"

crc-32@~1.2.0:
  version "1.2.0"
  resolved "https://registry.yarnpkg.com/crc-32/-/crc-32-1.2.0.tgz#cb2db6e29b88508e32d9dd0ec1693e7b41a18208"
  dependencies:
    exit-on-epipe "~1.0.1"
    printj "~1.1.0"

ejs@^2.5.7:
  version "2.5.7"
  resolved "https://registry.yarnpkg.com/ejs/-/ejs-2.5.7.tgz#cc872c168880ae3c7189762fd5ffc00896c9518a"

esprima@^4.0.0:
  version "4.0.0"
  resolved "https://registry.yarnpkg.com/esprima/-/esprima-4.0.0.tgz#4499eddcd1110e0b218bacf2fa7f7f59f55ca804"

event-lite@^0.1.1:
  version "0.1.1"
  resolved "https://registry.yarnpkg.com/event-lite/-/event-lite-0.1.1.tgz#47cf08a8d37d0b694cdb7b3b17b51faac6576086"

exit-on-epipe@~1.0.1:
  version "1.0.1"
  resolved "https://registry.yarnpkg.com/exit-on-epipe/-/exit-on-epipe-1.0.1.tgz#0bdd92e87d5285d267daa8171d0eb06159689692"

frac@~1.1.2:
  version "1.1.2"
  resolved "https://registry.yarnpkg.com/frac/-/frac-1.1.2.tgz#3d74f7f6478c88a1b5020306d747dc6313c74d0b"

ieee754@^1.1.8:
  version "1.1.10"
  resolved "https://registry.yarnpkg.com/ieee754/-/ieee754-1.1.10.tgz#719a6f7b026831e64bdb838b0de1bb0029bbf716"

int64-buffer@^0.1.9:
  version "0.1.10"
  resolved "https://registry.yarnpkg.com/int64-buffer/-/int64-buffer-0.1.10.tgz#277b228a87d95ad777d07c13832022406a473423"

isarray@^1.0.0:
  version "1.0.0"
  resolved "https://registry.yarnpkg.com/isarray/-/isarray-1.0.0.tgz#bb935d48582cba168c06834957a54a3e07124f11"

js-yaml@^3.11.0:
  version "3.11.0"
  resolved "https://registry.yarnpkg.com/js-yaml/-/js-yaml-3.11.0.tgz#597c1a8bd57152f26d622ce4117851a51f5ebaef"
  dependencies:
    argparse "^1.0.7"
    esprima "^4.0.0"

msgpack-lite@^0.1.26:
  version "0.1.26"
  resolved "https://registry.yarnpkg.com/msgpack-lite/-/msgpack-lite-0.1.26.tgz#dd3c50b26f059f25e7edee3644418358e2a9ad89"
  dependencies:
    event-lite "^0.1.1"
    ieee754 "^1.1.8"
    int64-buffer "^0.1.9"
    isarray "^1.0.0"

printj@~1.1.0, printj@~1.1.2:
  version "1.1.2"
  resolved "https://registry.yarnpkg.com/printj/-/printj-1.1.2.tgz#d90deb2975a8b9f600fb3a1c94e3f4c53c78a222"

sprintf-js@~1.0.2:
  version "1.0.3"
  resolved "https://registry.yarnpkg.com/sprintf-js/-/sprintf-js-1.0.3.tgz#04e6926f662895354f3dd015203633b857297e2c"

ssf@~0.10.2:
  version "0.10.2"
  resolved "https://registry.yarnpkg.com/ssf/-/ssf-0.10.2.tgz#65b2b4fcdfd967bc8e8383a41349009893115976"
  dependencies:
    frac "~1.1.2"

xlsx@^0.12.6:
  version "0.12.6"
  resolved "https://registry.yarnpkg.com/xlsx/-/xlsx-0.12.6.tgz#be8483e6caac0417dc82df0991281c5554cf6b43"
  dependencies:
    adler-32 "~1.2.0"
    cfb "~1.0.5"
    codepage "~1.12.1"
    commander "~2.14.1"
    crc-32 "~1.2.0"
    exit-on-epipe "~1.0.1"
    ssf "~0.10.2"
